
Microsoft Visual Studio Solution File, Format Version 12.00
# Visual Studio 15
VisualStudioVersion = 15.0.28307.572
MinimumVisualStudioVersion = 10.0.40219.1
Project("{FAE04EC0-301F-11D3-BF4B-00C04F79EFBC}") = "WFA_BurgerAdam", "WFA_BurgerAdam\WFA_BurgerAdam.csproj", "{95198A66-A5C5-4B40-92E8-E2241C98FE04}"
EndProject
Global
	GlobalSection(SolutionConfigurationPlatforms) = preSolution
		Debug|Any CPU = Debug|Any CPU
		Release|Any CPU = Release|Any CPU
	EndGlobalSection
	GlobalSection(ProjectConfigurationPlatforms) = postSolution
		{95198A66-A5C5-4B40-92E8-E2241C98FE04}.Debug|Any CPU.ActiveCfg = Debug|Any CPU
		{95198A66-A5C5-4B40-92E8-E2241C98FE04}.Debug|Any CPU.Build.0 = Debug|Any CPU
		{95198A66-A5C5-4B40-92E8-E2241C98FE04}.Release|Any CPU.ActiveCfg = Release|Any CPU
		{95198A66-A5C5-4B40-92E8-E2241C98FE04}.Release|Any CPU.Build.0 = Release|Any CPU
	EndGlobalSection
	GlobalSection(SolutionProperties) = preSolution
		HideSolutionNode = FALSE
	EndGlobalSection
	GlobalSection(ExtensibilityGlobals) = postSolution
		SolutionGuid = {7BEE417D-EBF3-413E-BA59-2AAC283A197E}
	EndGlobalSection
EndGlobal
